
Microsoft Visual Studio Solution File, Format Version 12.00
# Visual Studio Version 16
VisualStudioVersion = 16.0.30717.126
MinimumVisualStudioVersion = 10.0.40219.1
Project("{9A19103F-16F7-4668-BE54-9A1E7A4F7556}") = "IdeaAppCore", "IdeaAppCore\IdeaAppCore.csproj", "{7A1CC5B1-ACC5-4DB6-842A-74DCAB036083}"
EndProject
Project("{9A19103F-16F7-4668-BE54-9A1E7A4F7556}") = "IdeaAppCore.Admin", "IdeaAppCore.Admin\IdeaAppCore.Admin.csproj", "{970B8702-5EEA-41C1-8FD3-1FDEACBF6575}"
EndProject
Global
	GlobalSection(SolutionConfigurationPlatforms) = preSolution
		Debug|Any CPU = Debug|Any CPU
		Release|Any CPU = Release|Any CPU
	EndGlobalSection
	GlobalSection(ProjectConfigurationPlatforms) = postSolution
		{7A1CC5B1-ACC5-4DB6-842A-74DCAB036083}.Debug|Any CPU.ActiveCfg = Debug|Any CPU
		{7A1CC5B1-ACC5-4DB6-842A-74DCAB036083}.Debug|Any CPU.Build.0 = Debug|Any CPU
		{7A1CC5B1-ACC5-4DB6-842A-74DCAB036083}.Release|Any CPU.ActiveCfg = Release|Any CPU
		{7A1CC5B1-ACC5-4DB6-842A-74DCAB036083}.Release|Any CPU.Build.0 = Release|Any CPU
		{970B8702-5EEA-41C1-8FD3-1FDEACBF6575}.Debug|Any CPU.ActiveCfg = Debug|Any CPU
		{970B8702-5EEA-41C1-8FD3-1FDEACBF6575}.Debug|Any CPU.Build.0 = Debug|Any CPU
		{970B8702-5EEA-41C1-8FD3-1FDEACBF6575}.Release|Any CPU.ActiveCfg = Release|Any CPU
		{970B8702-5EEA-41C1-8FD3-1FDEACBF6575}.Release|Any CPU.Build.0 = Release|Any CPU
	EndGlobalSection
	GlobalSection(SolutionProperties) = preSolution
		HideSolutionNode = FALSE
	EndGlobalSection
	GlobalSection(ExtensibilityGlobals) = postSolution
		SolutionGuid = {D58588AA-FB6D-4B68-8B57-FB082765B5AB}
	EndGlobalSection
EndGlobal
